
Microsoft Visual Studio Solution File, Format Version 12.00
# Visual Studio Version 17
VisualStudioVersion = 17.14.36025.13 d17.14
MinimumVisualStudioVersion = 10.0.40219.1
Project("{FAE04EC0-301F-11D3-BF4B-00C04F79EFBC}") = "ProjetoPiPrecificacao", "ProjetoPiPrecificacao\ProjetoPiPrecificacao.csproj", "{9643E321-14F1-4C21-9296-67281EA1F919}"
EndProject
Global
	GlobalSection(SolutionConfigurationPlatforms) = preSolution
		Debug|Any CPU = Debug|Any CPU
		Release|Any CPU = Release|Any CPU
	EndGlobalSection
	GlobalSection(ProjectConfigurationPlatforms) = postSolution
		{9643E321-14F1-4C21-9296-67281EA1F919}.Debug|Any CPU.ActiveCfg = Debug|Any CPU
		{9643E321-14F1-4C21-9296-67281EA1F919}.Debug|Any CPU.Build.0 = Debug|Any CPU
		{9643E321-14F1-4C21-9296-67281EA1F919}.Release|Any CPU.ActiveCfg = Release|Any CPU
		{9643E321-14F1-4C21-9296-67281EA1F919}.Release|Any CPU.Build.0 = Release|Any CPU
	EndGlobalSection
	GlobalSection(SolutionProperties) = preSolution
		HideSolutionNode = FALSE
	EndGlobalSection
	GlobalSection(ExtensibilityGlobals) = postSolution
		SolutionGuid = {997E194D-F55B-42F1-91FD-B91DC2AFACD4}
	EndGlobalSection
EndGlobal
